PODS:
  - Flutter (1.0.0)
  - idenfy_sdk_flutter (2.6.3):
    - Flutter
    - iDenfySDK/iDenfyBlurGlareDetection (= 8.6.3)
  - iDenfySDK/iDenfyBlurGlareDetection (8.6.3):
    - lottie-ios (= 4.4.3)
  - lottie-ios (4.4.3)

DEPENDENCIES:
  - Flutter (from `Flutter`)
  - idenfy_sdk_flutter (from `.symlinks/plugins/idenfy_sdk_flutter/ios`)

SPEC REPOS:
  trunk:
    - iDenfySDK
    - lottie-ios

EXTERNAL SOURCES:
  Flutter:
    :path: Flutter
  idenfy_sdk_flutter:
    :path: ".symlinks/plugins/idenfy_sdk_flutter/ios"

SPEC CHECKSUMS:
  Flutter: cabc95a1d2626b1b06e7179b784ebcf0c0cde467
  idenfy_sdk_flutter: 7c10007e1380d0a66e393a478d046512c06393d9
  iDenfySDK: 08176da8abd1067756aa98205b57f35380754f4d
  lottie-ios: fcb5e73e17ba4c983140b7d21095c834b3087418

PODFILE CHECKSUM: 1fb01fcd69b2071b938570c3678303e4e6ef6803

COCOAPODS: 1.16.2
